
Microsoft Visual Studio Solution File, Format Version 12.00
# Visual Studio Version 17
VisualStudioVersion = 17.3.32929.385
MinimumVisualStudioVersion = 10.0.40219.1
Project("{FAE04EC0-301F-11D3-BF4B-00C04F79EFBC}") = "eTickets", "eTickets\eTickets.csproj", "{6556BCDB-2FCF-42BC-BA35-D2760C3D7D56}"
EndProject
Global
	GlobalSection(SolutionConfigurationPlatforms) = preSolution
		Debug|Any CPU = Debug|Any CPU
		Release|Any CPU = Release|Any CPU
	EndGlobalSection
	GlobalSection(ProjectConfigurationPlatforms) = postSolution
		{6556BCDB-2FCF-42BC-BA35-D2760C3D7D56}.Debug|Any CPU.ActiveCfg = Debug|Any CPU
		{6556BCDB-2FCF-42BC-BA35-D2760C3D7D56}.Debug|Any CPU.Build.0 = Debug|Any CPU
		{6556BCDB-2FCF-42BC-BA35-D2760C3D7D56}.Release|Any CPU.ActiveCfg = Release|Any CPU
		{6556BCDB-2FCF-42BC-BA35-D2760C3D7D56}.Release|Any CPU.Build.0 = Release|Any CPU
	EndGlobalSection
	GlobalSection(SolutionProperties) = preSolution
		HideSolutionNode = FALSE
	EndGlobalSection
	GlobalSection(ExtensibilityGlobals) = postSolution
		SolutionGuid = {8CE5068C-5CE9-4989-B6F0-86D7763DBF88}
	EndGlobalSection
EndGlobal
